
Microsoft Visual Studio Solution File, Format Version 12.00
# Visual Studio Version 16
VisualStudioVersion = 16.0.28922.388
MinimumVisualStudioVersion = 10.0.40219.1
Project("{FAE04EC0-301F-11D3-BF4B-00C04F79EFBC}") = "access_form", "access_form\access_form.csproj", "{FC5877A3-9478-4A39-A866-81D41C838959}"
EndProject
Global
	GlobalSection(SolutionConfigurationPlatforms) = preSolution
		Debug|Any CPU = Debug|Any CPU
		Release|Any CPU = Release|Any CPU
	EndGlobalSection
	GlobalSection(ProjectConfigurationPlatforms) = postSolution
		{FC5877A3-9478-4A39-A866-81D41C838959}.Debug|Any CPU.ActiveCfg = Debug|Any CPU
		{FC5877A3-9478-4A39-A866-81D41C838959}.Debug|Any CPU.Build.0 = Debug|Any CPU
		{FC5877A3-9478-4A39-A866-81D41C838959}.Release|Any CPU.ActiveCfg = Release|Any CPU
		{FC5877A3-9478-4A39-A866-81D41C838959}.Release|Any CPU.Build.0 = Release|Any CPU
	EndGlobalSection
	GlobalSection(SolutionProperties) = preSolution
		HideSolutionNode = FALSE
	EndGlobalSection
	GlobalSection(ExtensibilityGlobals) = postSolution
		SolutionGuid = {602B8557-A85A-4606-81AD-826514E510EA}
	EndGlobalSection
EndGlobal
